// !$*UTF8*$!
{
	archiveVersion = 1;
	classes = {
	};
	objectVersion = 46;
	objects = {

/* Begin PBXBuildFile section */
		F7B43F1C19C91244006A1E8E /* AppDelegate.swift in Sources */ = {isa = PBXBuildFile; fileRef = F7B43F1B19C91244006A1E8E /* AppDelegate.swift */; };
		F7B43F1E19C91244006A1E8E /* MailboxViewController.swift in Sources */ = {isa = PBXBuildFile; fileRef = F7B43F1D19C91244006A1E8E /* MailboxViewController.swift */; };
		F7B43F2119C91244006A1E8E /* Main.storyboard in Resources */ = {isa = PBXBuildFile; fileRef = F7B43F1F19C91244006A1E8E /* Main.storyboard */; };
		F7B43F2319C91244006A1E8E /* Images.xcassets in Resources */ = {isa = PBXBuildFile; fileRef = F7B43F2219C91244006A1E8E /* Images.xcassets */; };
		F7B43F2F19C91244006A1E8E /* Project_3Tests.swift in Sources */ = {isa = PBXBuildFile; fileRef = F7B43F2E19C91244006A1E8E /* Project_3Tests.swift */; };
/* End PBXBuildFile section */

/* Begin PBXContainerItemProxy section */
		F7B43F2919C91244006A1E8E /* PBXContainerItemProxy */ = {
			isa = PBXContainerItemProxy;
			containerPortal = F7B43F0E19C91244006A1E8E /* Project object */;
			proxyType = 1;
			remoteGlobalIDString = F7B43F1519C91244006A1E8E;
			remoteInfo = Project_3;
		};
/* End PBXContainerItemProxy section */

/* Begin PBXFileReference section */
		F7B43F1619C91244006A1E8E /* Project_3.app */ = {isa = PBXFileReference; explicitFileType = wrapper.application; includeInIndex = 0; path = Project_3.app; sourceTree = BUILT_PRODUCTS_DIR; };
		F7B43F1A19C91244006A1E8E /* Info.plist */ = {isa = PBXFileReference; lastKnownFileType = text.plist.xml; path = Info.plist; sourceTree = "<group>"; };
		F7B43F1B19C91244006A1E8E /* AppDelegate.swift */ = {isa = PBXFileReference; lastKnownFileType = sourcecode.swift; path = AppDelegate.swift; sourceTree = "<group>"; };
		F7B43F1D19C91244006A1E8E /* MailboxViewController.swift */ = {isa = PBXFileReference; lastKnownFileType = sourcecode.swift; path = MailboxViewController.swift; sourceTree = "<group>"; };
		F7B43F2019C91244006A1E8E /* Base */ = {isa = PBXFileReference; lastKnownFileType = file.storyboard; name = Base; path = Base.lproj/Main.storyboard; sourceTree = "<group>"; };
		F7B43F2219C91244006A1E8E /* Images.xcassets */ = {isa = PBXFileReference; lastKnownFileType = folder.assetcatalog; path = Images.xcassets; sourceTree = "<group>"; };
		F7B43F2819C91244006A1E8E /* Project_3Tests.xctest */ = {isa = PBXFileReference; explicitFileType = wrapper.cfbundle; includeInIndex = 0; path = Project_3Tests.xctest; sourceTree = BUILT_PRODUCTS_DIR; };
		F7B43F2D19C91244006A1E8E /* Info.plist */ = {isa = PBXFileReference; lastKnownFileType = text.plist.xml; path = Info.plist; sourceTree = "<group>"; };
		F7B43F2E19C91244006A1E8E /* Project_3Tests.swift */ = {isa = PBXFileReference; lastKnownFileType = sourcecode.swift; path = Project_3Tests.swift; sourceTree = "<group>"; };
/* End PBXFileReference section */

/* Begin PBXFrameworksBuildPhase section */
		F7B43F1319C91244006A1E8E /* Frameworks */ = {
			isa = PBXFrameworksBuildPhase;
			buildActionMask = 2147483647;
			files = (
			);
			runOnlyForDeploymentPostprocessing = 0;
		};
		F7B43F2519C91244006A1E8E /* Frameworks */ = {
			isa = PBXFrameworksBuildPhase;
			buildActionMask = 2147483647;
			files = (
			);
			runOnlyForDeploymentPostprocessing = 0;
		};
/* End PBXFrameworksBuildPhase section */

/* Begin PBXGroup section */
		F7B43F0D19C91244006A1E8E = {
			isa = PBXGroup;
			children = (
				F7B43F1819C91244006A1E8E /* Project_3 */,
				F7B43F2B19C91244006A1E8E /* Project_3Tests */,
				F7B43F1719C91244006A1E8E /* Products */,
			);
			sourceTree = "<group>";
		};
		F7B43F1719C91244006A1E8E /* Products */ = {
			isa = PBXGroup;
			children = (
				F7B43F1619C91244006A1E8E /* Project_3.app */,
				F7B43F2819C91244006A1E8E /* Project_3Tests.xctest */,
			);
			name = Products;
			sourceTree = "<group>";
		};
		F7B43F1819C91244006A1E8E /* Project_3 */ = {
			isa = PBXGroup;
			children = (
				F7B43F1B19C91244006A1E8E /* AppDelegate.swift */,
				F7B43F1D19C91244006A1E8E /* MailboxViewController.swift */,
				F7B43F1F19C91244006A1E8E /* Main.storyboard */,
				F7B43F2219C91244006A1E8E /* Images.xcassets */,
				F7B43F1919C91244006A1E8E /* Supporting Files */,
			);
			path = Project_3;
			sourceTree = "<group>";
		};
		F7B43F1919C91244006A1E8E /* Supporting Files */ = {
			isa = PBXGroup;
			children = (
				F7B43F1A19C91244006A1E8E /* Info.plist */,
			);
			name = "Supporting Files";
			sourceTree = "<group>";
		};
		F7B43F2B19C91244006A1E8E /* Project_3Tests */ = {
			isa = PBXGroup;
			children = (
				F7B43F2E19C91244006A1E8E /* Project_3Tests.swift */,
				F7B43F2C19C91244006A1E8E /* Supporting Files */,
			);
			path = Project_3Tests;
			sourceTree = "<group>";
		};
		F7B43F2C19C91244006A1E8E /* Supporting Files */ = {
			isa = PBXGroup;
			children = (
				F7B43F2D19C91244006A1E8E /* Info.plist */,
			);
			name = "Supporting Files";
			sourceTree = "<group>";
		};
/* End PBXGroup section */

/* Begin PBXNativeTarget section */
		F7B43F1519C91244006A1E8E /* Project_3 */ = {
			isa = PBXNativeTarget;
			buildConfigurationList = F7B43F3219C91244006A1E8E /* Build configuration list for PBXNativeTarget "Project_3" */;
			buildPhases = (
				F7B43F1219C91244006A1E8E /* Sources */,
				F7B43F1319C91244006A1E8E /* Frameworks */,
				F7B43F1419C91244006A1E8E /* Resources */,
			);
			buildRules = (
			);
			dependencies = (
			);
			name = Project_3;
			productName = Project_3;
			productReference = F7B43F1619C91244006A1E8E /* Project_3.app */;
			productType = "com.apple.product-type.application";
		};
		F7B43F2719C91244006A1E8E /* Project_3Tests */ = {
			isa = PBXNativeTarget;
			buildConfigurationList = F7B43F3519C91244006A1E8E /* Build configuration list for PBXNativeTarget "Project_3Tests" */;
			buildPhases = (
				F7B43F2419C91244006A1E8E /* Sources */,
				F7B43F2519C91244006A1E8E /* Frameworks */,
				F7B43F2619C91244006A1E8E /* Resources */,
			);
			buildRules = (
			);
			dependencies = (
				F7B43F2A19C91244006A1E8E /* PBXTargetDependency */,
			);
			name = Project_3Tests;
			productName = Project_3Tests;
			productReference = F7B43F2819C91244006A1E8E /* Project_3Tests.xctest */;
			productType = "com.apple.product-type.bundle.unit-test";
		};
/* End PBXNativeTarget section */

/* Begin PBXProject section */
		F7B43F0E19C91244006A1E8E /* Project object */ = {
			isa = PBXProject;
			attributes = {
				LastUpgradeCheck = 0600;
				ORGANIZATIONNAME = "Y.CORP.YAHOO.COM\\ltsung";
				TargetAttributes = {
					F7B43F1519C91244006A1E8E = {
						CreatedOnToolsVersion = 6.0;
					};
					F7B43F2719C91244006A1E8E = {
						CreatedOnToolsVersion = 6.0;
						TestTargetID = F7B43F1519C91244006A1E8E;
					};
				};
			};
			buildConfigurationList = F7B43F1119C91244006A1E8E /* Build configuration list for PBXProject "Project_3" */;
			compatibilityVersion = "Xcode 3.2";
			developmentRegion = English;
			hasScannedForEncodings = 0;
			knownRegions = (
				en,
				Base,
			);
			mainGroup = F7B43F0D19C91244006A1E8E;
			productRefGroup = F7B43F1719C91244006A1E8E /* Products */;
			projectDirPath = "";
			projectRoot = "";
			targets = (
				F7B43F1519C91244006A1E8E /* Project_3 */,
				F7B43F2719C91244006A1E8E /* Project_3Tests */,
			);
		};
/* End PBXProject section */

/* Begin PBXResourcesBuildPhase section */
		F7B43F1419C91244006A1E8E /* Resources */ = {
			isa = PBXResourcesBuildPhase;
			buildActionMask = 2147483647;
			files = (
				F7B43F2119C91244006A1E8E /* Main.storyboard in Resources */,
				F7B43F2319C91244006A1E8E /* Images.xcassets in Resources */,
			);
			runOnlyForDeploymentPostprocessing = 0;
		};
		F7B43F2619C91244006A1E8E /* Resources */ = {
			isa = PBXResourcesBuildPhase;
			buildActionMask = 2147483647;
			files = (
			);
			runOnlyForDeploymentPostprocessing = 0;
		};
/* End PBXResourcesBuildPhase section */

/* Begin PBXSourcesBuildPhase section */
		F7B43F1219C91244006A1E8E /* Sources */ = {
			isa = PBXSourcesBuildPhase;
			buildActionMask = 2147483647;
			files = (
				F7B43F1E19C91244006A1E8E /* MailboxViewController.swift in Sources */,
				F7B43F1C19C91244006A1E8E /* AppDelegate.swift in Sources */,
			);
			runOnlyForDeploymentPostprocessing = 0;
		};
		F7B43F2419C91244006A1E8E /* Sources */ = {
			isa = PBXSourcesBuildPhase;
			buildActionMask = 2147483647;
			files = (
				F7B43F2F19C91244006A1E8E /* Project_3Tests.swift in Sources */,
			);
			runOnlyForDeploymentPostprocessing = 0;
		};
/* End PBXSourcesBuildPhase section */

/* Begin PBXTargetDependency section */
		F7B43F2A19C91244006A1E8E /* PBXTargetDependency */ = {
			isa = PBXTargetDependency;
			target = F7B43F1519C91244006A1E8E /* Project_3 */;
			targetProxy = F7B43F2919C91244006A1E8E /* PBXContainerItemProxy */;
		};
/* End PBXTargetDependency section */

/* Begin PBXVariantGroup section */
		F7B43F1F19C91244006A1E8E /* Main.storyboard */ = {
			isa = PBXVariantGroup;
			children = (
				F7B43F2019C91244006A1E8E /* Base */,
			);
			name = Main.storyboard;
			sourceTree = "<group>";
		};
/* End PBXVariantGroup section */

/* Begin XCBuildConfiguration section */
		F7B43F3019C91244006A1E8E /* Debug */ = {
			isa = XCBuildConfiguration;
			buildSettings = {
				ALWAYS_SEARCH_USER_PATHS = NO;
				CLANG_CXX_LANGUAGE_STANDARD = "gnu++0x";
				CLANG_CXX_LIBRARY = "libc++";
				CLANG_ENABLE_MODULES = YES;
				CLANG_ENABLE_OBJC_ARC = YES;
				CLANG_WARN_BOOL_CONVERSION = YES;
				CLANG_WARN_CONSTANT_CONVERSION = YES;
				CLANG_WARN_DIRECT_OBJC_ISA_USAGE = YES_ERROR;
				CLANG_WARN_EMPTY_BODY = YES;
				CLANG_WARN_ENUM_CONVERSION = YES;
				CLANG_WARN_INT_CONVERSION = YES;
				CLANG_WARN_OBJC_ROOT_CLASS = YES_ERROR;
				CLANG_WARN_UNREACHABLE_CODE = YES;
				CLANG_WARN__DUPLICATE_METHOD_MATCH = YES;
				"CODE_SIGN_IDENTITY[sdk=iphoneos*]" = "iPhone Developer";
				COPY_PHASE_STRIP = NO;
				ENABLE_STRICT_OBJC_MSGSEND = YES;
				GCC_C_LANGUAGE_STANDARD = gnu99;
				GCC_DYNAMIC_NO_PIC = NO;
				GCC_OPTIMIZATION_LEVEL = 0;
				GCC_PREPROCESSOR_DEFINITIONS = (
					"DEBUG=1",
					"$(inherited)",
				);
				GCC_SYMBOLS_PRIVATE_EXTERN = NO;
				GCC_WARN_64_TO_32_BIT_CONVERSION = YES;
				GCC_WARN_ABOUT_RETURN_TYPE = YES_ERROR;
				GCC_WARN_UNDECLARED_SELECTOR = YES;
				GCC_WARN_UNINITIALIZED_AUTOS = YES_AGGRESSIVE;
				GCC_WARN_UNUSED_FUNCTION = YES;
				GCC_WARN_UNUSED_VARIABLE = YES;
				IPHONEOS_DEPLOYMENT_TARGET = 8.0;
				MTL_ENABLE_DEBUG_INFO = YES;
				ONLY_ACTIVE_ARCH = YES;
				SDKROOT = iphoneos;
				SWIFT_OPTIMIZATION_LEVEL = "-Onone";
				TARGETED_DEVICE_FAMILY = "1,2";
			};
			name = Debug;
		};
		F7B43F3119C91244006A1E8E /* Release */ = {
			isa = XCBuildConfiguration;
			buildSettings = {
				ALWAYS_SEARCH_USER_PATHS = NO;
				CLANG_CXX_LANGUAGE_STANDARD = "gnu++0x";
				CLANG_CXX_LIBRARY = "libc++";
				CLANG_ENABLE_MODULES = YES;
				CLANG_ENABLE_OBJC_ARC = YES;
				CLANG_WARN_BOOL_CONVERSION = YES;
				CLANG_WARN_CONSTANT_CONVERSION = YES;
				CLANG_WARN_DIRECT_OBJC_ISA_USAGE = YES_ERROR;
				CLANG_WARN_EMPTY_BODY = YES;
				CLANG_WARN_ENUM_CONVERSION = YES;
				CLANG_WARN_INT_CONVERSION = YES;
				CLANG_WARN_OBJC_ROOT_CLASS = YES_ERROR;
				CLANG_WARN_UNREACHABLE_CODE = YES;
				CLANG_WARN__DUPLICATE_METHOD_MATCH = YES;
				"CODE_SIGN_IDENTITY[sdk=iphoneos*]" = "iPhone Developer";
				COPY_PHASE_STRIP = YES;
				ENABLE_NS_ASSERTIONS = NO;
				ENABLE_STRICT_OBJC_MSGSEND = YES;
				GCC_C_LANGUAGE_STANDARD = gnu99;
				GCC_WARN_64_TO_32_BIT_CONVERSION = YES;
				GCC_WARN_ABOUT_RETURN_TYPE = YES_ERROR;
				GCC_WARN_UNDECLARED_SELECTOR = YES;
				GCC_WARN_UNINITIALIZED_AUTOS = YES_AGGRESSIVE;
				GCC_WARN_UNUSED_FUNCTION = YES;
				GCC_WARN_UNUSED_VARIABLE = YES;
				IPHONEOS_DEPLOYMENT_TARGET = 8.0;
				MTL_ENABLE_DEBUG_INFO = NO;
				SDKROOT = iphoneos;
				TARGETED_DEVICE_FAMILY = "1,2";
				VALIDATE_PRODUCT = YES;
			};
			name = Release;
		};
		F7B43F3319C91244006A1E8E /* Debug */ = {
			isa = XCBuildConfiguration;
			buildSettings = {
				ASSETCATALOG_COMPILER_APPICON_NAME = AppIcon;
				ASSETCATALOG_COMPILER_LAUNCHIMAGE_NAME = LaunchImage;
				INFOPLIST_FILE = Project_3/Info.plist;
				LD_RUNPATH_SEARCH_PATHS = "$(inherited) @executable_path/Frameworks";
				PRODUCT_NAME = "$(TARGET_NAME)";
			};
			name = Debug;
		};
		F7B43F3419C91244006A1E8E /* Release */ = {
			isa = XCBuildConfiguration;
			buildSettings = {
				ASSETCATALOG_COMPILER_APPICON_NAME = AppIcon;
				ASSETCATALOG_COMPILER_LAUNCHIMAGE_NAME = LaunchImage;
				INFOPLIST_FILE = Project_3/Info.plist;
				LD_RUNPATH_SEARCH_PATHS = "$(inherited) @executable_path/Frameworks";
				PRODUCT_NAME = "$(TARGET_NAME)";
			};
			name = Release;
		};
		F7B43F3619C91244006A1E8E /* Debug */ = {
			isa = XCBuildConfiguration;
			buildSettings = {
				BUNDLE_LOADER = "$(TEST_HOST)";
				FRAMEWORK_SEARCH_PATHS = (
					"$(SDKROOT)/Developer/Library/Frameworks",
					"$(inherited)",
				);
				GCC_PREPROCESSOR_DEFINITIONS = (
					"DEBUG=1",
					"$(inherited)",
				);
				INFOPLIST_FILE = Project_3Tests/Info.plist;
				LD_RUNPATH_SEARCH_PATHS = "$(inherited) @executable_path/Frameworks @loader_path/Frameworks";
				PRODUCT_NAME = "$(TARGET_NAME)";
				TEST_HOST = "$(BUILT_PRODUCTS_DIR)/Project_3.app/Project_3";
			};
			name = Debug;
		};
		F7B43F3719C91244006A1E8E /* Release */ = {
			isa = XCBuildConfiguration;
			buildSettings = {
				BUNDLE_LOADER = "$(TEST_HOST)";
				FRAMEWORK_SEARCH_PATHS = (
					"$(SDKROOT)/Developer/Library/Frameworks",
					"$(inherited)",
				);
				INFOPLIST_FILE = Project_3Tests/Info.plist;
				LD_RUNPATH_SEARCH_PATHS = "$(inherited) @executable_path/Frameworks @loader_path/Frameworks";
				PRODUCT_NAME = "$(TARGET_NAME)";
				TEST_HOST = "$(BUILT_PRODUCTS_DIR)/Project_3.app/Project_3";
			};
			name = Release;
		};
/* End XCBuildConfiguration section */

/* Begin XCConfigurationList section */
		F7B43F1119C91244006A1E8E /* Build configuration list for PBXProject "Project_3" */ = {
			isa = XCConfigurationList;
			buildConfigurations = (
				F7B43F3019C91244006A1E8E /* Debug */,
				F7B43F3119C91244006A1E8E /* Release */,
			);
			defaultConfigurationIsVisible = 0;
			defaultConfigurationName = Release;
		};
		F7B43F3219C91244006A1E8E /* Build configuration list for PBXNativeTarget "Project_3" */ = {
			isa = XCConfigurationList;
			buildConfigurations = (
				F7B43F3319C91244006A1E8E /* Debug */,
				F7B43F3419C91244006A1E8E /* Release */,
			);
			defaultConfigurationIsVisible = 0;
		};
		F7B43F3519C91244006A1E8E /* Build configuration list for PBXNativeTarget "Project_3Tests" */ = {
			isa = XCConfigurationList;
			buildConfigurations = (
				F7B43F3619C91244006A1E8E /* Debug */,
				F7B43F3719C91244006A1E8E /* Release */,
			);
			defaultConfigurationIsVisible = 0;
		};
/* End XCConfigurationList section */
	};
	rootObject = F7B43F0E19C91244006A1E8E /* Project object */;
}
